{
  "name": "job-postings",
  "lockfileVersion": 2,
  "requires": true,
  "packages": {
    "": {
      "dependencies": {
        "@types/cheerio": "^0.22.31",
        "@types/google-apps-script": "^1.0.57"
      }
    },
    "node_modules/@types/cheerio": {
      "version": "0.22.31",
      "resolved": "https://registry.npmjs.org/@types/cheerio/-/cheerio-0.22.31.tgz",
      "integrity": "sha512-Kt7Cdjjdi2XWSfrZ53v4Of0wG3ZcmaegFXjMmz9tfNrZSkzzo36G0AL1YqSdcIA78Etjt6E609pt5h1xnQkPUw==",
      "dependencies": {
        "@types/node": "*"
      }
    },
    "node_modules/@types/google-apps-script": {
      "version": "1.0.57",
      "resolved": "https://registry.npmjs.org/@types/google-apps-script/-/google-apps-script-1.0.57.tgz",
      "integrity": "sha512-w06Yoh+SamGpS2kGVlGy/5JkmFkLrW6u3tbglyHEu9uC9lrzqr6FyLcgVsL95Tmq9L0q//D8seqd4GZGRPPKUw=="
    },
    "node_modules/@types/node": {
      "version": "18.11.19",
      "resolved": "https://registry.npmjs.org/@types/node/-/node-18.11.19.tgz",
      "integrity": "sha512-YUgMWAQBWLObABqrvx8qKO1enAvBUdjZOAWQ5grBAkp5LQv45jBvYKZ3oFS9iKRCQyFjqw6iuEa1vmFqtxYLZw=="
    }
  },
  "dependencies": {
    "@types/cheerio": {
      "version": "0.22.31",
      "resolved": "https://registry.npmjs.org/@types/cheerio/-/cheerio-0.22.31.tgz",
      "integrity": "sha512-Kt7Cdjjdi2XWSfrZ53v4Of0wG3ZcmaegFXjMmz9tfNrZSkzzo36G0AL1YqSdcIA78Etjt6E609pt5h1xnQkPUw==",
      "requires": {
        "@types/node": "*"
      }
    },
    "@types/google-apps-script": {
      "version": "1.0.57",
      "resolved": "https://registry.npmjs.org/@types/google-apps-script/-/google-apps-script-1.0.57.tgz",
      "integrity": "sha512-w06Yoh+SamGpS2kGVlGy/5JkmFkLrW6u3tbglyHEu9uC9lrzqr6FyLcgVsL95Tmq9L0q//D8seqd4GZGRPPKUw=="
    },
    "@types/node": {
      "version": "18.11.19",
      "resolved": "https://registry.npmjs.org/@types/node/-/node-18.11.19.tgz",
      "integrity": "sha512-YUgMWAQBWLObABqrvx8qKO1enAvBUdjZOAWQ5grBAkp5LQv45jBvYKZ3oFS9iKRCQyFjqw6iuEa1vmFqtxYLZw=="
    }
  }
}
